{
  "name": "mediaflow-device-stream-host",
  "version": "0.1.0",
  "lockfileVersion": 3,
  "requires": true,
  "packages": {
    "": {
      "name": "mediaflow-device-stream-host",
      "version": "0.1.0",
      "dependencies": {
        "@yume-chan/adb": "2.3.1",
        "@yume-chan/adb-scrcpy": "2.3.0",
        "@yume-chan/adb-server-node-tcp": "2.1.0",
        "@yume-chan/scrcpy": "2.3.0",
        "@yume-chan/stream-extra": "2.1.0",
        "ws": "8.21.3"
      },
      "engines": {
        "node": ">=22.13.0"
      }
    },
    "node_modules/@yume-chan/adb": {
      "version": "2.3.1",
      "resolved": "https://registry.npmjs.org/@yume-chan/adb/-/adb-2.3.1.tgz",
      "integrity": "sha512-CRpJrnQ1Rg6kiAqAkgeussIomikJpywemvnt7SZcjxtvZTBKS/UPefFRtqfNX37EoM0sOglMI5KL6ozuHfiqQQ==",
      "license": "MIT",
      "dependencies": {
        "@yume-chan/async": "^4.1.3",
        "@yume-chan/event": "^2.0.0",
        "@yume-chan/no-data-view": "^2.0.0",
        "@yume-chan/stream-extra": "^2.1.0",
        "@yume-chan/struct": "^2.0.1"
      }
    },
    "node_modules/@yume-chan/adb-scrcpy": {
      "version": "2.3.0",
      "resolved": "https://registry.npmjs.org/@yume-chan/adb-scrcpy/-/adb-scrcpy-2.3.0.tgz",
      "integrity": "sha512-Zjfw3LGxzimkoPymGP0Bs3xFUGAW2GCOUvrNpTCxswky3iUK4nLc9ZVJxm6AkLV58DAXP8KkQrCgJ4V78lXN5Q==",
      "license": "MIT",
      "dependencies": {
        "@yume-chan/adb": "^2.1.0",
        "@yume-chan/async": "^4.1.3",
        "@yume-chan/event": "^2.0.0",
        "@yume-chan/scrcpy": "^2.3.0",
        "@yume-chan/stream-extra": "^2.1.0",
        "@yume-chan/struct": "^2.0.1"
      }
    },
    "node_modules/@yume-chan/adb-server-node-tcp": {
      "version": "2.1.0",
      "resolved": "https://registry.npmjs.org/@yume-chan/adb-server-node-tcp/-/adb-server-node-tcp-2.1.0.tgz",
      "integrity": "sha512-nMr6MnzzY5ch3YTBH0R2Or06e2/wrL4p+WfxeuDmV1f0S0zcqOEb7IjTOsFIqEyYXItRMfx65eIkhimwiCNB9g==",
      "license": "MIT",
      "dependencies": {
        "@yume-chan/adb": "^2.1.0",
        "@yume-chan/async": "^4.1.3",
        "@yume-chan/stream-extra": "^2.1.0",
        "@yume-chan/struct": "^2.0.1"
      }
    },
    "node_modules/@yume-chan/async": {
      "version": "4.1.3",
      "resolved": "https://registry.npmjs.org/@yume-chan/async/-/async-4.1.3.tgz",
      "integrity": "sha512-0vzhNJMkWUPyjKzUK4rqHEeCU6YQtF78RsB1kFRB6Y2BLupmEQNxcSb0mjKabPL9jZpCCiLa5KL8oTOJClUVaw==",
      "license": "MIT"
    },
    "node_modules/@yume-chan/event": {
      "version": "2.0.0",
      "resolved": "https://registry.npmjs.org/@yume-chan/event/-/event-2.0.0.tgz",
      "integrity": "sha512-z56MDOcX1QlgLUCuA6th3r10negVb7A3gzY//TwSC9ZOvzuRlrAqXcxZf1T3hHfNMk/NFO9RIgQgegXYSfaqLw==",
      "license": "MIT",
      "dependencies": {
        "@yume-chan/async": "^4.0.2"
      }
    },
    "node_modules/@yume-chan/no-data-view": {
      "version": "2.0.0",
      "resolved": "https://registry.npmjs.org/@yume-chan/no-data-view/-/no-data-view-2.0.0.tgz",
      "integrity": "sha512-0GRJrrt6wtZlbiE92jocHOnaAvjQ+Y7xwwhwOPqLkwf90Kj1JIHJ5Zh4wJVQSQIkzfRSOpM+jeEQdC2K15snlA==",
      "license": "MIT"
    },
    "node_modules/@yume-chan/scrcpy": {
      "version": "2.3.0",
      "resolved": "https://registry.npmjs.org/@yume-chan/scrcpy/-/scrcpy-2.3.0.tgz",
      "integrity": "sha512-rpsNvy7H8mf6gVsWYRSkIXmk0wVsP3XOdw3kASokwZkSWtygB2Z1wjoPaEAvaayVCjsz+y/YfG35TOcykEihGw==",
      "license": "MIT",
      "dependencies": {
        "@yume-chan/async": "^4.1.3",
        "@yume-chan/no-data-view": "^2.0.0",
        "@yume-chan/stream-extra": "^2.1.0",
        "@yume-chan/struct": "^2.0.1"
      }
    },
    "node_modules/@yume-chan/stream-extra": {
      "version": "2.1.0",
      "resolved": "https://registry.npmjs.org/@yume-chan/stream-extra/-/stream-extra-2.1.0.tgz",
      "integrity": "sha512-Sq1mDCLTIOu+TbI3VmFhcKL5hi+qZkDA3S+JezZb/AJm4ESC3hB7+LgQIQs3QEK/ZeRwMg37w4IOYHSh30R7BQ==",
      "license": "MIT",
      "dependencies": {
        "@yume-chan/async": "^4.1.3",
        "@yume-chan/struct": "^2.0.1"
      }
    },
    "node_modules/@yume-chan/struct": {
      "version": "2.3.2",
      "resolved": "https://registry.npmjs.org/@yume-chan/struct/-/struct-2.3.2.tgz",
      "integrity": "sha512-afoCnSKV+5HRK7e4innVd9YTYDyNWdjA1CVQa1j8rWYnmr7HGZfdkHMQr+AESLk6GxWFMzOIPQIG6nYOTGMFIw==",
      "license": "MIT",
      "dependencies": {
        "@yume-chan/async": "^4.1.3",
        "@yume-chan/no-data-view": "^2.0.0"
      }
    },
    "node_modules/ws": {
      "version": "8.21.3",
      "resolved": "https://registry.npmjs.org/ws/-/ws-8.21.3.tgz",
      "integrity": "sha512-201TZ/kPWxoPr/OKWjquZR1SWKXcvxdH+e1xrx89b3YbmzLMFCLfnaG1HFIgWzJOEWZ7MvpK++odZufgYR50Rw==",
      "license": "MIT",
      "engines": {
        "node": ">=10.0.0"
      },
      "peerDependencies": {
        "bufferutil": "^4.0.1",
        "utf-8-validate": ">=5.0.2"
      },
      "peerDependenciesMeta": {
        "bufferutil": {
          "optional": true
        },
        "utf-8-validate": {
          "optional": true
        }
      }
    }
  }
}
